// !$*UTF8*$!
{
	archiveVersion = 1;
	classes = {
	};
	objectVersion = 100;
	objects = {

/* Begin PBXTargetDependency section */
        A73F10203040506070809010 = {isa = PBXTargetDependency; target = 542612602ACFB17E00682CA7; targetProxy = A73F10203040506070809009; };
/* End PBXTargetDependency section */

/* Begin PBXContainerItemProxy section */
        A73F10203040506070809009 = {isa = PBXContainerItemProxy; containerPortal = 542612592ACFB17E00682CA7; proxyType = 1; remoteGlobalIDString = 542612602ACFB17E00682CA7; remoteInfo = GitBird; };
/* End PBXContainerItemProxy section */

/* Begin PBXBuildFile section */
		542612652ACFB17E00682CA7 /* GitBirdApp.swift in Sources */ = {isa = PBXBuildFile; fileRef = 542612642ACFB17E00682CA7 /* GitBirdApp.swift */; };
		542612672ACFB17E00682CA7 /* ContentView.swift in Sources */ = {isa = PBXBuildFile; fileRef = 542612662ACFB17E00682CA7 /* ContentView.swift */; };
		542612692ACFB17F00682CA7 /* Assets.xcassets in Resources */ = {isa = PBXBuildFile; fileRef = 542612682ACFB17F00682CA7 /* Assets.xcassets */; };
		5426126C2ACFB17F00682CA7 /* Preview Assets.xcassets in Resources */ = {isa = PBXBuildFile; fileRef = 5426126B2ACFB17F00682CA7 /* Preview Assets.xcassets */; };
		542612782ACFE27300682CA7 /* SettingView.swift in Sources */ = {isa = PBXBuildFile; fileRef = 542612772ACFE27300682CA7 /* SettingView.swift */; };
		5426127C2AD0088E00682CA7 /* DataModel.swift in Sources */ = {isa = PBXBuildFile; fileRef = 5426127B2AD0088E00682CA7 /* DataModel.swift */; };
		54A0D0032D0F000100000001 /* NotificationRowView.swift in Sources */ = {isa = PBXBuildFile; fileRef = 54A0D0022D0F000100000001 /* NotificationRowView.swift */; };
		54A0D0072D0F000100000001 /* VisualEffectView.swift in Sources */ = {isa = PBXBuildFile; fileRef = 54A0D0062D0F000100000001 /* VisualEffectView.swift */; };
		54A0D00A2D0F000100000001 /* AppLog.swift in Sources */ = {isa = PBXBuildFile; fileRef = 54A0D0082D0F000100000001 /* AppLog.swift */; };
		54A0D00C2D0F000100000001 /* AppIcon.icon in Frameworks */ = {isa = PBXBuildFile; fileRef = 54A0D00B2D0F000100000001 /* AppIcon.icon */; };
		A73F10203040506070809001 /* SupportPurchaseManager.swift in Sources */ = {isa = PBXBuildFile; fileRef = A73F10203040506070809002 /* SupportPurchaseManager.swift */; };
        A73F10203040506070809004 = {isa = PBXBuildFile; fileRef = A73F10203040506070809005; };
        A73F10203040506070809006 = {isa = PBXBuildFile; fileRef = A73F10203040506070809003; };
        B84F10203040506070809001 /* ReliabilityTests.swift in Sources */ = {isa = PBXBuildFile; fileRef = B84F10203040506070809002; };
/* End PBXBuildFile section */

/* Begin PBXFileReference section */
		542612612ACFB17E00682CA7 /* GitBird.app */ = {isa = PBXFileReference; explicitFileType = wrapper.application; includeInIndex = 0; path = GitBird.app; sourceTree = BUILT_PRODUCTS_DIR; };
		542612642ACFB17E00682CA7 /* GitBirdApp.swift */ = {isa = PBXFileReference; lastKnownFileType = sourcecode.swift; path = GitBirdApp.swift; sourceTree = "<group>"; };
		542612662ACFB17E00682CA7 /* ContentView.swift */ = {isa = PBXFileReference; lastKnownFileType = sourcecode.swift; path = ContentView.swift; sourceTree = "<group>"; };
		542612682ACFB17F00682CA7 /* Assets.xcassets */ = {isa = PBXFileReference; lastKnownFileType = folder.assetcatalog; path = Assets.xcassets; sourceTree = "<group>"; };
		5426126B2ACFB17F00682CA7 /* Preview Assets.xcassets */ = {isa = PBXFileReference; lastKnownFileType = folder.assetcatalog; path = "Preview Assets.xcassets"; sourceTree = "<group>"; };
		5426126D2ACFB17F00682CA7 /* GitBird.entitlements */ = {isa = PBXFileReference; lastKnownFileType = text.plist.entitlements; path = GitBird.entitlements; sourceTree = "<group>"; };
		542612732ACFD8FD00682CA7 /* Info.plist */ = {isa = PBXFileReference; lastKnownFileType = text.plist; path = Info.plist; sourceTree = "<group>"; };
		542612772ACFE27300682CA7 /* SettingView.swift */ = {isa = PBXFileReference; lastKnownFileType = sourcecode.swift; path = SettingView.swift; sourceTree = "<group>"; };
		5426127B2AD0088E00682CA7 /* DataModel.swift */ = {isa = PBXFileReference; lastKnownFileType = sourcecode.swift; path = DataModel.swift; sourceTree = "<group>"; };
		54A0D0022D0F000100000001 /* NotificationRowView.swift */ = {isa = PBXFileReference; lastKnownFileType = sourcecode.swift; path = NotificationRowView.swift; sourceTree = "<group>"; };
		54A0D0062D0F000100000001 /* VisualEffectView.swift */ = {isa = PBXFileReference; lastKnownFileType = sourcecode.swift; path = VisualEffectView.swift; sourceTree = "<group>"; };
		54A0D0082D0F000100000001 /* AppLog.swift */ = {isa = PBXFileReference; lastKnownFileType = sourcecode.swift; path = AppLog.swift; sourceTree = "<group>"; };
		54A0D00B2D0F000100000001 /* AppIcon.icon */ = {isa = PBXFileReference; lastKnownFileType = folder.iconcomposer.icon; path = AppIcon.icon; sourceTree = "<group>"; };
		A73F10203040506070809002 /* SupportPurchaseManager.swift */ = {isa = PBXFileReference; lastKnownFileType = sourcecode.swift; path = SupportPurchaseManager.swift; sourceTree = "<group>"; };
		A73F10203040506070809003 /* SupportOptional.storekit */ = {isa = PBXFileReference; lastKnownFileType = text; path = SupportOptional.storekit; sourceTree = "<group>"; };
        A73F10203040506070809005 = {isa = PBXFileReference; lastKnownFileType = sourcecode.swift; path = SupportPurchaseManagerTests.swift; sourceTree = "<group>"; };
        A73F10203040506070809007 = {isa = PBXFileReference; explicitFileType = wrapper.cfbundle; path = GitBirdTests.xctest; sourceTree = BUILT_PRODUCTS_DIR; };
        B84F10203040506070809002 /* ReliabilityTests.swift */ = {isa = PBXFileReference; lastKnownFileType = sourcecode.swift; path = ReliabilityTests.swift; sourceTree = "<group>"; };
/* End PBXFileReference section */

/* Begin PBXFrameworksBuildPhase section */
		5426125E2ACFB17E00682CA7 /* Frameworks */ = {
			isa = PBXFrameworksBuildPhase;
			files = (
				54A0D00C2D0F000100000001 /* AppIcon.icon in Frameworks */,
			);
		};
        A73F10203040506070809013 = {isa = PBXFrameworksBuildPhase; buildActionMask = 2147483647; files = (); runOnlyForDeploymentPostprocessing = 0; };
/* End PBXFrameworksBuildPhase section */

/* Begin PBXGroup section */
		542612582ACFB17E00682CA7 = {
			isa = PBXGroup;
			children = (
				542612632ACFB17E00682CA7 /* GitBird */,
                A73F10203040506070809008 /* GitBirdTests */,
				542612622ACFB17E00682CA7 /* Products */,
			);
			sourceTree = "<group>";
		};
		542612622ACFB17E00682CA7 /* Products */ = {
			isa = PBXGroup;
			children = (
				542612612ACFB17E00682CA7 /* GitBird.app */,
                A73F10203040506070809007 /* GitBirdTests.xctest */,
			);
			name = Products;
			sourceTree = "<group>";
		};
		542612632ACFB17E00682CA7 /* GitBird */ = {
			isa = PBXGroup;
			children = (
				542612732ACFD8FD00682CA7 /* Info.plist */,
				542612642ACFB17E00682CA7 /* GitBirdApp.swift */,
				A73F10203040506070809002 /* SupportPurchaseManager.swift */,
				A73F10203040506070809003 /* SupportOptional.storekit */,
				54A0D0082D0F000100000001 /* AppLog.swift */,
				542612662ACFB17E00682CA7 /* ContentView.swift */,
				54A0D0022D0F000100000001 /* NotificationRowView.swift */,
				54A0D0062D0F000100000001 /* VisualEffectView.swift */,
				54A0D00B2D0F000100000001 /* AppIcon.icon */,
				542612682ACFB17F00682CA7 /* Assets.xcassets */,
				5426126D2ACFB17F00682CA7 /* GitBird.entitlements */,
				5426126A2ACFB17F00682CA7 /* Preview Content */,
				542612772ACFE27300682CA7 /* SettingView.swift */,
				5426127B2AD0088E00682CA7 /* DataModel.swift */,
			);
			path = GitBird;
			sourceTree = "<group>";
		};
		5426126A2ACFB17F00682CA7 /* Preview Content */ = {
			isa = PBXGroup;
			children = (
				5426126B2ACFB17F00682CA7 /* Preview Assets.xcassets */,
			);
			path = "Preview Content";
			sourceTree = "<group>";
		};
        A73F10203040506070809008 = {isa = PBXGroup; children = (A73F10203040506070809005, B84F10203040506070809002,); path = GitBirdTests; sourceTree = "<group>"; };
/* End PBXGroup section */

/* Begin PBXNativeTarget section */
		542612602ACFB17E00682CA7 /* GitBird */ = {
			isa = PBXNativeTarget;
			buildConfigurationList = 542612702ACFB17F00682CA7 /* Build configuration list for PBXNativeTarget "GitBird" */;
			buildPhases = (
				5426125D2ACFB17E00682CA7 /* Sources */,
				5426125E2ACFB17E00682CA7 /* Frameworks */,
				5426125F2ACFB17E00682CA7 /* Resources */,
			);
			buildRules = (
			);
			name = GitBird;
			productName = GitBird;
			productReference = 542612612ACFB17E00682CA7 /* GitBird.app */;
			productType = "com.apple.product-type.application";
		};
        A73F10203040506070809014 = {isa = PBXNativeTarget; buildConfigurationList = A73F10203040506070809015; buildPhases = (A73F10203040506070809011, A73F10203040506070809013, A73F10203040506070809012,); buildRules = (); dependencies = (A73F10203040506070809010,); name = GitBirdTests; productName = GitBirdTests; productReference = A73F10203040506070809007; productType = "com.apple.product-type.bundle.unit-test"; };
/* End PBXNativeTarget section */

/* Begin PBXProject section */
		542612592ACFB17E00682CA7 /* Project object */ = {
			isa = PBXProject;
			attributes = {
				BuildIndependentTargetsInParallel = 1;
				LastSwiftUpdateCheck = 1500;
				LastUpgradeCheck = 2620;
				TargetAttributes = {
					542612602ACFB17E00682CA7 = {
						CreatedOnToolsVersion = 15.0;
					};
				};
			};
			buildConfigurationList = 5426125C2ACFB17E00682CA7 /* Build configuration list for PBXProject "GitBird" */;
			developmentRegion = en;
			hasScannedForEncodings = 0;
			knownRegions = (
				en,
				Base,
			);
			mainGroup = 542612582ACFB17E00682CA7;
			preferredProjectObjectVersion = 100;
			productRefGroup = 542612622ACFB17E00682CA7 /* Products */;
			projectDirPath = "";
			projectRoot = "";
			targets = (
				542612602ACFB17E00682CA7 /* GitBird */,
                A73F10203040506070809014 /* GitBirdTests */,
			);
		};
/* End PBXProject section */

/* Begin PBXResourcesBuildPhase section */
		5426125F2ACFB17E00682CA7 /* Resources */ = {
			isa = PBXResourcesBuildPhase;
			files = (
				5426126C2ACFB17F00682CA7 /* Preview Assets.xcassets in Resources */,
				542612692ACFB17F00682CA7 /* Assets.xcassets in Resources */,
			);
		};
        A73F10203040506070809012 = {isa = PBXResourcesBuildPhase; buildActionMask = 2147483647; files = (A73F10203040506070809006,); runOnlyForDeploymentPostprocessing = 0; };
/* End PBXResourcesBuildPhase section */

/* Begin PBXSourcesBuildPhase section */
		5426125D2ACFB17E00682CA7 /* Sources */ = {
			isa = PBXSourcesBuildPhase;
			files = (
				5426127C2AD0088E00682CA7 /* DataModel.swift in Sources */,
				54A0D00A2D0F000100000001 /* AppLog.swift in Sources */,
				542612672ACFB17E00682CA7 /* ContentView.swift in Sources */,
				54A0D0032D0F000100000001 /* NotificationRowView.swift in Sources */,
				54A0D0072D0F000100000001 /* VisualEffectView.swift in Sources */,
				542612782ACFE27300682CA7 /* SettingView.swift in Sources */,
				542612652ACFB17E00682CA7 /* GitBirdApp.swift in Sources */,
				A73F10203040506070809001 /* SupportPurchaseManager.swift in Sources */,
			);
		};
        A73F10203040506070809011 = {isa = PBXSourcesBuildPhase; buildActionMask = 2147483647; files = (A73F10203040506070809004, B84F10203040506070809001,); runOnlyForDeploymentPostprocessing = 0; };
/* End PBXSourcesBuildPhase section */

/* Begin XCBuildConfiguration section */
		5426126E2ACFB17F00682CA7 /* Debug configuration for PBXProject "GitBird" */ = {
			isa = XCBuildConfiguration;
			buildSettings = {
				ALWAYS_SEARCH_USER_PATHS = NO;
				ASSETCATALOG_COMPILER_GENERATE_SWIFT_ASSET_SYMBOL_EXTENSIONS = YES;
				CLANG_ANALYZER_NONNULL = YES;
				CLANG_ANALYZER_NUMBER_OBJECT_CONVERSION = YES_AGGRESSIVE;
				CLANG_CXX_LANGUAGE_STANDARD = "gnu++20";
				CLANG_ENABLE_MODULES = YES;
				CLANG_ENABLE_OBJC_ARC = YES;
				CLANG_ENABLE_OBJC_WEAK = YES;
				CLANG_WARN_BLOCK_CAPTURE_AUTORELEASING = YES;
				CLANG_WARN_BOOL_CONVERSION = YES;
				CLANG_WARN_COMMA = YES;
				CLANG_WARN_CONSTANT_CONVERSION = YES;
				CLANG_WARN_DEPRECATED_OBJC_IMPLEMENTATIONS = YES;
				CLANG_WARN_DIRECT_OBJC_ISA_USAGE = YES_ERROR;
				CLANG_WARN_DOCUMENTATION_COMMENTS = YES;
				CLANG_WARN_EMPTY_BODY = YES;
				CLANG_WARN_ENUM_CONVERSION = YES;
				CLANG_WARN_INFINITE_RECURSION = YES;
				CLANG_WARN_INT_CONVERSION = YES;
				CLANG_WARN_NON_LITERAL_NULL_CONVERSION = YES;
				CLANG_WARN_OBJC_IMPLICIT_RETAIN_SELF = YES;
				CLANG_WARN_OBJC_LITERAL_CONVERSION = YES;
				CLANG_WARN_OBJC_ROOT_CLASS = YES_ERROR;
				CLANG_WARN_QUOTED_INCLUDE_IN_FRAMEWORK_HEADER = YES;
				CLANG_WARN_RANGE_LOOP_ANALYSIS = YES;
				CLANG_WARN_STRICT_PROTOTYPES = YES;
				CLANG_WARN_SUSPICIOUS_MOVE = YES;
				CLANG_WARN_UNGUARDED_AVAILABILITY = YES_AGGRESSIVE;
				CLANG_WARN_UNREACHABLE_CODE = YES;
				CLANG_WARN__DUPLICATE_METHOD_MATCH = YES;
				COPY_PHASE_STRIP = NO;
				DEAD_CODE_STRIPPING = YES;
				DEBUG_INFORMATION_FORMAT = dwarf;
				DEVELOPMENT_TEAM = 95A3329S82;
				ENABLE_STRICT_OBJC_MSGSEND = YES;
				ENABLE_TESTABILITY = YES;
				ENABLE_USER_SCRIPT_SANDBOXING = YES;
				GCC_C_LANGUAGE_STANDARD = gnu17;
				GCC_DYNAMIC_NO_PIC = NO;
				GCC_NO_COMMON_BLOCKS = YES;
				GCC_OPTIMIZATION_LEVEL = 0;
				GCC_PREPROCESSOR_DEFINITIONS = (
					"DEBUG=1",
					"$(inherited)",
				);
				GCC_WARN_64_TO_32_BIT_CONVERSION = YES;
				GCC_WARN_ABOUT_RETURN_TYPE = YES_ERROR;
				GCC_WARN_UNDECLARED_SELECTOR = YES;
				GCC_WARN_UNINITIALIZED_AUTOS = YES_AGGRESSIVE;
				GCC_WARN_UNUSED_FUNCTION = YES;
				GCC_WARN_UNUSED_VARIABLE = YES;
				LOCALIZATION_PREFERS_STRING_CATALOGS = YES;
				MACOSX_DEPLOYMENT_TARGET = 14.6;
				MTL_ENABLE_DEBUG_INFO = INCLUDE_SOURCE;
				MTL_FAST_MATH = YES;
				ONLY_ACTIVE_ARCH = YES;
				SDKROOT = macosx;
				STRING_CATALOG_GENERATE_SYMBOLS = YES;
				SWIFT_ACTIVE_COMPILATION_CONDITIONS = "DEBUG $(inherited)";
				SWIFT_OPTIMIZATION_LEVEL = "-Onone";
			};
			name = Debug;
		};
		5426126F2ACFB17F00682CA7 /* Release configuration for PBXProject "GitBird" */ = {
			isa = XCBuildConfiguration;
			buildSettings = {
				ALWAYS_SEARCH_USER_PATHS = NO;
				ASSETCATALOG_COMPILER_GENERATE_SWIFT_ASSET_SYMBOL_EXTENSIONS = YES;
				CLANG_ANALYZER_NONNULL = YES;
				CLANG_ANALYZER_NUMBER_OBJECT_CONVERSION = YES_AGGRESSIVE;
				CLANG_CXX_LANGUAGE_STANDARD = "gnu++20";
				CLANG_ENABLE_MODULES = YES;
				CLANG_ENABLE_OBJC_ARC = YES;
				CLANG_ENABLE_OBJC_WEAK = YES;
				CLANG_WARN_BLOCK_CAPTURE_AUTORELEASING = YES;
				CLANG_WARN_BOOL_CONVERSION = YES;
				CLANG_WARN_COMMA = YES;
				CLANG_WARN_CONSTANT_CONVERSION = YES;
				CLANG_WARN_DEPRECATED_OBJC_IMPLEMENTATIONS = YES;
				CLANG_WARN_DIRECT_OBJC_ISA_USAGE = YES_ERROR;
				CLANG_WARN_DOCUMENTATION_COMMENTS = YES;
				CLANG_WARN_EMPTY_BODY = YES;
				CLANG_WARN_ENUM_CONVERSION = YES;
				CLANG_WARN_INFINITE_RECURSION = YES;
				CLANG_WARN_INT_CONVERSION = YES;
				CLANG_WARN_NON_LITERAL_NULL_CONVERSION = YES;
				CLANG_WARN_OBJC_IMPLICIT_RETAIN_SELF = YES;
				CLANG_WARN_OBJC_LITERAL_CONVERSION = YES;
				CLANG_WARN_OBJC_ROOT_CLASS = YES_ERROR;
				CLANG_WARN_QUOTED_INCLUDE_IN_FRAMEWORK_HEADER = YES;
				CLANG_WARN_RANGE_LOOP_ANALYSIS = YES;
				CLANG_WARN_STRICT_PROTOTYPES = YES;
				CLANG_WARN_SUSPICIOUS_MOVE = YES;
				CLANG_WARN_UNGUARDED_AVAILABILITY = YES_AGGRESSIVE;
				CLANG_WARN_UNREACHABLE_CODE = YES;
				CLANG_WARN__DUPLICATE_METHOD_MATCH = YES;
				COPY_PHASE_STRIP = NO;
				DEAD_CODE_STRIPPING = YES;
				DEBUG_INFORMATION_FORMAT = "dwarf-with-dsym";
				DEVELOPMENT_TEAM = 95A3329S82;
				ENABLE_NS_ASSERTIONS = NO;
				ENABLE_STRICT_OBJC_MSGSEND = YES;
				ENABLE_USER_SCRIPT_SANDBOXING = YES;
				GCC_C_LANGUAGE_STANDARD = gnu17;
				GCC_NO_COMMON_BLOCKS = YES;
				GCC_WARN_64_TO_32_BIT_CONVERSION = YES;
				GCC_WARN_ABOUT_RETURN_TYPE = YES_ERROR;
				GCC_WARN_UNDECLARED_SELECTOR = YES;
				GCC_WARN_UNINITIALIZED_AUTOS = YES_AGGRESSIVE;
				GCC_WARN_UNUSED_FUNCTION = YES;
				GCC_WARN_UNUSED_VARIABLE = YES;
				LOCALIZATION_PREFERS_STRING_CATALOGS = YES;
				MACOSX_DEPLOYMENT_TARGET = 14.6;
				MTL_ENABLE_DEBUG_INFO = NO;
				MTL_FAST_MATH = YES;
				SDKROOT = macosx;
				STRING_CATALOG_GENERATE_SYMBOLS = YES;
				SWIFT_COMPILATION_MODE = wholemodule;
			};
			name = Release;
		};
		542612712ACFB17F00682CA7 /* Debug configuration for PBXNativeTarget "GitBird" */ = {
			isa = XCBuildConfiguration;
			buildSettings = {
				ASSETCATALOG_COMPILER_APPICON_NAME = AppIcon;
				ASSETCATALOG_COMPILER_GLOBAL_ACCENT_COLOR_NAME = AccentColor;
				ASSETCATALOG_COMPILER_INCLUDE_ALL_APPICON_ASSETS = NO;
				CODE_SIGN_ENTITLEMENTS = GitBird/GitBird.entitlements;
				CODE_SIGN_STYLE = Automatic;
				COMBINE_HIDPI_IMAGES = YES;
				CURRENT_PROJECT_VERSION = 187;
				DEAD_CODE_STRIPPING = YES;
				DEVELOPMENT_ASSET_PATHS = "\"GitBird/Preview Content\"";
				DEVELOPMENT_TEAM = CS727NF72U;
				ENABLE_APP_SANDBOX = YES;
				ENABLE_HARDENED_RUNTIME = YES;
				ENABLE_OUTGOING_NETWORK_CONNECTIONS = YES;
				ENABLE_PREVIEWS = YES;
				ENABLE_USER_SELECTED_FILES = readonly;
				GENERATE_INFOPLIST_FILE = YES;
				ICON_FILE = AppIcon.icon;
				INFOPLIST_FILE = GitBird/Info.plist;
				INFOPLIST_KEY_CFBundleDisplayName = GitBird;
				INFOPLIST_KEY_LSApplicationCategoryType = "public.app-category.developer-tools";
				INFOPLIST_KEY_LSUIElement = YES;
				INFOPLIST_KEY_NSHumanReadableCopyright = "";
				LD_RUNPATH_SEARCH_PATHS = (
					"$(inherited)",
					"@executable_path/../Frameworks",
				);
				MACOSX_DEPLOYMENT_TARGET = 14.6;
				MARKETING_VERSION = 2.1.6;
				PRODUCT_BUNDLE_IDENTIFIER = com.h3p.GitBird;
				PRODUCT_NAME = "$(TARGET_NAME)";
				SWIFT_EMIT_LOC_STRINGS = YES;
				SWIFT_STRICT_CONCURRENCY = complete;
				SWIFT_VERSION = 6.0;
			};
			name = Debug;
		};
		542612722ACFB17F00682CA7 /* Release configuration for PBXNativeTarget "GitBird" */ = {
			isa = XCBuildConfiguration;
			buildSettings = {
				ASSETCATALOG_COMPILER_APPICON_NAME = AppIcon;
				ASSETCATALOG_COMPILER_GLOBAL_ACCENT_COLOR_NAME = AccentColor;
				ASSETCATALOG_COMPILER_INCLUDE_ALL_APPICON_ASSETS = NO;
				CODE_SIGN_ENTITLEMENTS = GitBird/GitBird.entitlements;
				CODE_SIGN_STYLE = Automatic;
				COMBINE_HIDPI_IMAGES = YES;
				CURRENT_PROJECT_VERSION = 187;
				DEAD_CODE_STRIPPING = YES;
				DEVELOPMENT_ASSET_PATHS = "\"GitBird/Preview Content\"";
				DEVELOPMENT_TEAM = CS727NF72U;
				ENABLE_APP_SANDBOX = YES;
				ENABLE_HARDENED_RUNTIME = YES;
				ENABLE_OUTGOING_NETWORK_CONNECTIONS = YES;
				ENABLE_PREVIEWS = YES;
				ENABLE_USER_SELECTED_FILES = readonly;
				GENERATE_INFOPLIST_FILE = YES;
				ICON_FILE = AppIcon.icon;
				INFOPLIST_FILE = GitBird/Info.plist;
				INFOPLIST_KEY_CFBundleDisplayName = GitBird;
				INFOPLIST_KEY_LSApplicationCategoryType = "public.app-category.developer-tools";
				INFOPLIST_KEY_LSUIElement = YES;
				INFOPLIST_KEY_NSHumanReadableCopyright = "";
				LD_RUNPATH_SEARCH_PATHS = (
					"$(inherited)",
					"@executable_path/../Frameworks",
				);
				MACOSX_DEPLOYMENT_TARGET = 14.6;
				MARKETING_VERSION = 2.1.6;
				PRODUCT_BUNDLE_IDENTIFIER = com.h3p.GitBird;
				PRODUCT_NAME = "$(TARGET_NAME)";
				SWIFT_EMIT_LOC_STRINGS = YES;
				SWIFT_STRICT_CONCURRENCY = complete;
				SWIFT_VERSION = 6.0;
			};
			name = Release;
		};
        A73F10203040506070809016 = {isa = XCBuildConfiguration; buildSettings = {
            BUNDLE_LOADER = "$(TEST_HOST)";
            CODE_SIGN_STYLE = Automatic;
            DEVELOPMENT_TEAM = CS727NF72U;
            GENERATE_INFOPLIST_FILE = YES;
            LD_RUNPATH_SEARCH_PATHS = ("$(inherited)", "@executable_path/../Frameworks", "@loader_path/../Frameworks",);
            MACOSX_DEPLOYMENT_TARGET = 14.6;
            PRODUCT_BUNDLE_IDENTIFIER = com.h3p.GitBird.Tests;
            PRODUCT_NAME = "$(TARGET_NAME)";
            TEST_HOST = "$(BUILT_PRODUCTS_DIR)/GitBird.app/Contents/MacOS/GitBird";
            SWIFT_STRICT_CONCURRENCY = complete;
            SWIFT_VERSION = 6.0;
        }; name = Debug; };
        A73F10203040506070809017 = {isa = XCBuildConfiguration; buildSettings = {
            BUNDLE_LOADER = "$(TEST_HOST)";
            CODE_SIGN_STYLE = Automatic;
            DEVELOPMENT_TEAM = CS727NF72U;
            GENERATE_INFOPLIST_FILE = YES;
            LD_RUNPATH_SEARCH_PATHS = ("$(inherited)", "@executable_path/../Frameworks", "@loader_path/../Frameworks",);
            MACOSX_DEPLOYMENT_TARGET = 14.6;
            PRODUCT_BUNDLE_IDENTIFIER = com.h3p.GitBird.Tests;
            PRODUCT_NAME = "$(TARGET_NAME)";
            TEST_HOST = "$(BUILT_PRODUCTS_DIR)/GitBird.app/Contents/MacOS/GitBird";
            SWIFT_STRICT_CONCURRENCY = complete;
            SWIFT_VERSION = 6.0;
        }; name = Release; };
/* End XCBuildConfiguration section */

/* Begin XCConfigurationList section */
		5426125C2ACFB17E00682CA7 /* Build configuration list for PBXProject "GitBird" */ = {
			isa = XCConfigurationList;
			buildConfigurations = (
				5426126E2ACFB17F00682CA7 /* Debug configuration for PBXProject "GitBird" */,
				5426126F2ACFB17F00682CA7 /* Release configuration for PBXProject "GitBird" */,
			);
			defaultConfigurationName = Release;
		};
		542612702ACFB17F00682CA7 /* Build configuration list for PBXNativeTarget "GitBird" */ = {
			isa = XCConfigurationList;
			buildConfigurations = (
				542612712ACFB17F00682CA7 /* Debug configuration for PBXNativeTarget "GitBird" */,
				542612722ACFB17F00682CA7 /* Release configuration for PBXNativeTarget "GitBird" */,
			);
			defaultConfigurationName = Release;
		};
        A73F10203040506070809015 = {isa = XCConfigurationList; buildConfigurations = (A73F10203040506070809016, A73F10203040506070809017,); defaultConfigurationIsVisible = 0; defaultConfigurationName = Release; };
/* End XCConfigurationList section */
	};
	rootObject = 542612592ACFB17E00682CA7 /* Project object */;
}
